# This file is automatically @generated by Poetry 2.1.1 and should not be changed by hand.

[[package]]
name = "my-lib"
version = "0.1.0"
description = ""
optional = false
python-versions = ">=3.13"
groups = ["main"]
files = []
develop = false

[package.source]
type = "directory"
url = "../my_lib"

[metadata]
lock-version = "2.1"
python-versions = ">=3.13"
content-hash = "b9e2fe5bb499df5f4c666b0448d34a76f83f35c7f2093fe746cdf440f7e87beb"
